<?xml version="1.0" encoding="utf-8"?>
<Project ToolsVersion="17.0" xmlns="http://schemas.microsoft.com/developer/msbuild/2003">
  <ItemGroup>
    <ClCompile Include="C:\source_wx\AIStoCOT\src_base\main.cpp">
      <Filter>src_base</Filter>
    </ClCompile>
    <ClCompile Include="C:\source_wx\AIStoCOT\src_base\MyProjectBase.cpp">
      <Filter>src_base</Filter>
    </ClCompile>
    <ClCompile Include="C:\source_wx\AIStoCOT\src_base\BG_SocketBase.cpp">
      <Filter>src_base</Filter>
    </ClCompile>
    <ClCompile Include="C:\source_wx\AIStoCOT\src_app\wxAISCOT_MainFrame.cpp">
      <Filter>src_app</Filter>
    </ClCompile>
    <ClCompile Include="C:\source_wx\AIStoCOT\src_app\AISParser.cpp">
      <Filter>src_app</Filter>
    </ClCompile>
    <ClCompile Include="C:\source_wx\AIStoCOT\src_app\MyProject1CoTSender.cpp">
      <Filter>src_app</Filter>
    </ClCompile>
    <ClCompile Include="C:\source_wx\AIStoCOT\src_app\MyProject1AISBuilder.cpp">
      <Filter>src_app</Filter>
    </ClCompile>
    <ClCompile Include="C:\source_wx\AIStoCOT\src_COT\bg_TakMessage.cpp">
      <Filter>src_COT</Filter>
    </ClCompile>
    <ClCompile Include="C:\source_wx\AIStoCOT\src_COT\COTSender.cpp">
      <Filter>src_COT</Filter>
    </ClCompile>
    <ClCompile Include="C:\source_wx\AIStoCOT\AIS_Build\ais1.cpp">
      <Filter>AIS_Build</Filter>
    </ClCompile>
    <ClCompile Include="C:\source_wx\AIStoCOT\AIS_Build\ais5.cpp">
      <Filter>AIS_Build</Filter>
    </ClCompile>
    <ClCompile Include="C:\source_wx\AIStoCOT\AIS_Build\aislib.cpp">
      <Filter>AIS_Build</Filter>
    </ClCompile>
    <ClCompile Include="C:\source_wx\AIStoCOT\aislib\ais.cpp">
      <Filter>aislib</Filter>
    </ClCompile>
    <ClCompile Include="C:\source_wx\AIStoCOT\aislib\ais_bitset.cpp">
      <Filter>aislib</Filter>
    </ClCompile>
    <ClCompile Include="C:\source_wx\AIStoCOT\aislib\ais1_2_3.cpp">
      <Filter>aislib</Filter>
    </ClCompile>
    <ClCompile Include="C:\source_wx\AIStoCOT\aislib\ais4_11.cpp">
      <Filter>aislib</Filter>
    </ClCompile>
    <ClCompile Include="C:\source_wx\AIStoCOT\aislib\ais5.cpp">
      <Filter>aislib</Filter>
    </ClCompile>
    <ClCompile Include="C:\source_wx\AIStoCOT\aislib\ais6.cpp">
      <Filter>aislib</Filter>
    </ClCompile>
    <ClCompile Include="C:\source_wx\AIStoCOT\aislib\ais7_13.cpp">
      <Filter>aislib</Filter>
    </ClCompile>
    <ClCompile Include="C:\source_wx\AIStoCOT\aislib\ais8.cpp">
      <Filter>aislib</Filter>
    </ClCompile>
    <ClCompile Include="C:\source_wx\AIStoCOT\aislib\ais8_1_22.cpp">
      <Filter>aislib</Filter>
    </ClCompile>
    <ClCompile Include="C:\source_wx\AIStoCOT\aislib\ais8_1_26.cpp">
      <Filter>aislib</Filter>
    </ClCompile>
    <ClCompile Include="C:\source_wx\AIStoCOT\aislib\ais8_200.cpp">
      <Filter>aislib</Filter>
    </ClCompile>
    <ClCompile Include="C:\source_wx\AIStoCOT\aislib\ais8_366.cpp">
      <Filter>aislib</Filter>
    </ClCompile>
    <ClCompile Include="C:\source_wx\AIStoCOT\aislib\ais8_366_22.cpp">
      <Filter>aislib</Filter>
    </ClCompile>
    <ClCompile Include="C:\source_wx\AIStoCOT\aislib\ais8_367.cpp">
      <Filter>aislib</Filter>
    </ClCompile>
    <ClCompile Include="C:\source_wx\AIStoCOT\aislib\ais9.cpp">
      <Filter>aislib</Filter>
    </ClCompile>
    <ClCompile Include="C:\source_wx\AIStoCOT\aislib\ais10.cpp">
      <Filter>aislib</Filter>
    </ClCompile>
    <ClCompile Include="C:\source_wx\AIStoCOT\aislib\ais12.cpp">
      <Filter>aislib</Filter>
    </ClCompile>
    <ClCompile Include="C:\source_wx\AIStoCOT\aislib\ais14.cpp">
      <Filter>aislib</Filter>
    </ClCompile>
    <ClCompile Include="C:\source_wx\AIStoCOT\aislib\ais15.cpp">
      <Filter>aislib</Filter>
    </ClCompile>
    <ClCompile Include="C:\source_wx\AIStoCOT\aislib\ais16.cpp">
      <Filter>aislib</Filter>
    </ClCompile>
    <ClCompile Include="C:\source_wx\AIStoCOT\aislib\ais17.cpp">
      <Filter>aislib</Filter>
    </ClCompile>
    <ClCompile Include="C:\source_wx\AIStoCOT\aislib\ais18.cpp">
      <Filter>aislib</Filter>
    </ClCompile>
    <ClCompile Include="C:\source_wx\AIStoCOT\aislib\ais19.cpp">
      <Filter>aislib</Filter>
    </ClCompile>
    <ClCompile Include="C:\source_wx\AIStoCOT\aislib\ais20.cpp">
      <Filter>aislib</Filter>
    </ClCompile>
    <ClCompile Include="C:\source_wx\AIStoCOT\aislib\ais21.cpp">
      <Filter>aislib</Filter>
    </ClCompile>
    <ClCompile Include="C:\source_wx\AIStoCOT\aislib\ais22.cpp">
      <Filter>aislib</Filter>
    </ClCompile>
    <ClCompile Include="C:\source_wx\AIStoCOT\aislib\ais23.cpp">
      <Filter>aislib</Filter>
    </ClCompile>
    <ClCompile Include="C:\source_wx\AIStoCOT\aislib\ais24.cpp">
      <Filter>aislib</Filter>
    </ClCompile>
    <ClCompile Include="C:\source_wx\AIStoCOT\aislib\ais25.cpp">
      <Filter>aislib</Filter>
    </ClCompile>
    <ClCompile Include="C:\source_wx\AIStoCOT\aislib\ais26.cpp">
      <Filter>aislib</Filter>
    </ClCompile>
    <ClCompile Include="C:\source_wx\AIStoCOT\aislib\ais27.cpp">
      <Filter>aislib</Filter>
    </ClCompile>
    <ClCompile Include="C:\source_wx\AIStoCOT\aislib\decode_body.cpp">
      <Filter>aislib</Filter>
    </ClCompile>
    <ClCompile Include="C:\source_wx\AIStoCOT\aislib\vdm.cpp">
      <Filter>aislib</Filter>
    </ClCompile>
  </ItemGroup>
  <ItemGroup>
    <ClInclude Include="C:\source_wx\AIStoCOT\src_base\MyProjectBase.h">
      <Filter>src_base</Filter>
    </ClInclude>
    <ClInclude Include="C:\source_wx\AIStoCOT\src_base\BG_SocketBase.h">
      <Filter>src_base</Filter>
    </ClInclude>
    <ClInclude Include="C:\source_wx\AIStoCOT\src_app\AIStoCoT.h">
      <Filter>src_app</Filter>
    </ClInclude>
    <ClInclude Include="C:\source_wx\AIStoCOT\src_app\wxAISCOT_MainFrame.h">
      <Filter>src_app</Filter>
    </ClInclude>
    <ClInclude Include="C:\source_wx\AIStoCOT\src_app\AISParser.h">
      <Filter>src_app</Filter>
    </ClInclude>
    <ClInclude Include="C:\source_wx\AIStoCOT\src_app\MyProject1AISBuilder.h">
      <Filter>src_app</Filter>
    </ClInclude>
    <ClInclude Include="C:\source_wx\AIStoCOT\src_COT\bg_TakMessage.h">
      <Filter>src_COT</Filter>
    </ClInclude>
    <ClInclude Include="C:\source_wx\AIStoCOT\src_COT\CoT.h">
      <Filter>src_COT</Filter>
    </ClInclude>
    <ClInclude Include="C:\source_wx\AIStoCOT\src_COT\COTSender.h">
      <Filter>src_COT</Filter>
    </ClInclude>
    <ClInclude Include="C:\source_wx\AIStoCOT\AIS_Build\ais1.h">
      <Filter>AIS_Build</Filter>
    </ClInclude>
    <ClInclude Include="C:\source_wx\AIStoCOT\AIS_Build\ais5.h">
      <Filter>AIS_Build</Filter>
    </ClInclude>
    <ClInclude Include="C:\source_wx\AIStoCOT\AIS_Build\aislib.h">
      <Filter>AIS_Build</Filter>
    </ClInclude>
  </ItemGroup>
  <ItemGroup>
    <CustomBuild Include="C:\source_wx\AIStoCOT\CMakeLists.txt" />
  </ItemGroup>
  <ItemGroup>
    <Filter Include="AIS_Build">
      <UniqueIdentifier>{49236FF5-591C-3D97-8264-59C3400D1196}</UniqueIdentifier>
    </Filter>
    <Filter Include="aislib">
      <UniqueIdentifier>{F7DA6D3A-4272-3A08-817D-256B18CDDE5D}</UniqueIdentifier>
    </Filter>
    <Filter Include="src_COT">
      <UniqueIdentifier>{7DA80F16-A182-3D82-AA1A-C074E9E0E6BF}</UniqueIdentifier>
    </Filter>
    <Filter Include="src_app">
      <UniqueIdentifier>{8D98C389-E6FA-3E9A-A4CD-849E2993651D}</UniqueIdentifier>
    </Filter>
    <Filter Include="src_base">
      <UniqueIdentifier>{5A1C4683-3A01-3DD3-ACA2-D103BDB5A22B}</UniqueIdentifier>
    </Filter>
  </ItemGroup>
</Project>
